
Microsoft Visual Studio Solution File, Format Version 12.00
# Visual Studio Version 17
VisualStudioVersion = 17.7.34221.43
MinimumVisualStudioVersion = 10.0.40219.1
Project("{2150E333-8FDC-42A3-9474-1A3956D46DE8}") = "doc", "doc", "{16DDBF4F-0281-44DC-92E6-BA3F49255B3E}"
EndProject
Project("{2150E333-8FDC-42A3-9474-1A3956D46DE8}") = "src", "src", "{3892F25A-3EAF-4987-964A-47712DC53F67}"
EndProject
Project("{2150E333-8FDC-42A3-9474-1A3956D46DE8}") = "test", "test", "{977F788C-34C7-438C-AB3E-566C8687F3B2}"
EndProject
Project("{2150E333-8FDC-42A3-9474-1A3956D46DE8}") = "samples", "samples", "{09BF5EC8-12F7-4DC6-8E1D-55F20C578E72}"
EndProject
Project("{9A19103F-16F7-4668-BE54-9A1E7A4F7556}") = "DProjects.Fs.Abstractions", "src\DProjects.Fs.Abstractions\DProjects.Fs.Abstractions.csproj", "{19E44DED-1950-4C29-90D0-28D78F56AAC0}"
EndProject
Project("{9A19103F-16F7-4668-BE54-9A1E7A4F7556}") = "DProjects.Utils", "src\DProjects.Utils\DProjects.Utils.csproj", "{2DC1B051-7A96-460E-8B9C-5CEE877889C3}"
EndProject
Project("{9A19103F-16F7-4668-BE54-9A1E7A4F7556}") = "DProjects.Log.Abstractions", "src\DProjects.Log.Abstractions\DProjects.Log.Abstractions.csproj", "{2424C0FB-48F3-4D95-BD1F-C495879E0862}"
EndProject
Project("{9A19103F-16F7-4668-BE54-9A1E7A4F7556}") = "DProjects.Log", "src\DProjects.Log\DProjects.Log.csproj", "{E9875361-FAC6-464A-B868-C9378E0EA777}"
EndProject
Project("{9A19103F-16F7-4668-BE54-9A1E7A4F7556}") = "DProjects.Fs", "src\DProjects.Fs\DProjects.Fs.csproj", "{6D007D71-83BB-4F02-A149-27C811D6820A}"
EndProject
Project("{9A19103F-16F7-4668-BE54-9A1E7A4F7556}") = "DProjects.Factories.Abstractions", "src\DProjects.Factories.Abstractions\DProjects.Factories.Abstractions.csproj", "{7B27838B-45C4-4A1F-B0D5-3B0C7CB81867}"
EndProject
Project("{9A19103F-16F7-4668-BE54-9A1E7A4F7556}") = "DProjects.Streams", "src\DProjects.Streams\DProjects.Streams.csproj", "{B4531B7F-1CFC-42A9-A819-6D2FD6D0CAFD}"
EndProject
Project("{9A19103F-16F7-4668-BE54-9A1E7A4F7556}") = "DProjects.Fs.Test", "test\DProjects.Fs.Test\DProjects.Fs.Test.csproj", "{551F87A4-DDB0-4F99-AECF-57FA0836356F}"
EndProject
Project("{9A19103F-16F7-4668-BE54-9A1E7A4F7556}") = "DProjects.Utils.Test", "test\DProjects.Utils.Test\DProjects.Utils.Test.csproj", "{F47D9164-2D05-4751-9E51-7218C7FB5891}"
EndProject
Project("{9A19103F-16F7-4668-BE54-9A1E7A4F7556}") = "DProjects.Streams.Test", "test\DProjects.Streams.Test\DProjects.Streams.Test.csproj", "{D72D8995-C390-4B1C-B23F-417A0817B607}"
EndProject
Project("{9A19103F-16F7-4668-BE54-9A1E7A4F7556}") = "DProjects.Log.Test", "test\DProjects.Log.Test\DProjects.Log.Test.csproj", "{6855EC09-68F8-4BE0-8EB7-25B905FD8C4D}"
EndProject
Project("{9A19103F-16F7-4668-BE54-9A1E7A4F7556}") = "DProjects.Factories.Test", "test\DProjects.Factories.Test\DProjects.Factories.Test.csproj", "{31889E91-7132-46D4-8EAE-0CDEE42F6CA3}"
EndProject
Project("{9A19103F-16F7-4668-BE54-9A1E7A4F7556}") = "DProjects.Factories", "src\DProjects.Factories\DProjects.Factories.csproj", "{BCBE5803-1576-4FB2-9A4A-ED54165DBE82}"
EndProject
Project("{9A19103F-16F7-4668-BE54-9A1E7A4F7556}") = "DProjects.Db.Abstractions", "src\DProjects.Db.Abstractions\DProjects.Db.Abstractions.csproj", "{9BEC3A0B-BE50-4608-81EB-124D35477159}"
EndProject
Project("{9A19103F-16F7-4668-BE54-9A1E7A4F7556}") = "DProjects.Db", "src\DProjects.Db\DProjects.Db.csproj", "{EE7C135E-EE04-46CB-BBFF-6A48B469EFBF}"
EndProject
Project("{9A19103F-16F7-4668-BE54-9A1E7A4F7556}") = "DProjects.Text.Readers", "src\DProjects.Text.Readers\DProjects.Text.Readers.csproj", "{D8993C13-D79C-4985-AFDE-B3E4171B0589}"
EndProject
Project("{9A19103F-16F7-4668-BE54-9A1E7A4F7556}") = "DProjects.Db.Test", "test\DProjects.Db.Test\DProjects.Db.Test.csproj", "{F4B8154B-9C9C-4F8C-92DC-A987FCA626F2}"
EndProject
Project("{9A19103F-16F7-4668-BE54-9A1E7A4F7556}") = "DProjects.Datatypes", "src\DProjects.Datatypes\DProjects.Datatypes.csproj", "{7B194BE8-6578-4A3C-A293-DAAA5FFC681A}"
EndProject
Project("{9A19103F-16F7-4668-BE54-9A1E7A4F7556}") = "DProjects.Log.Storage", "src\DProjects.Log.Storage\DProjects.Log.Storage.csproj", "{56E35A2C-FD4A-4F47-A342-67BBD452A231}"
EndProject
Project("{9A19103F-16F7-4668-BE54-9A1E7A4F7556}") = "Sample1", "samples\Sample1\Sample1.csproj", "{C837CC9E-7271-4F18-B67C-F997FC75BD72}"
EndProject
Project("{9A19103F-16F7-4668-BE54-9A1E7A4F7556}") = "DProjects.Log.Storage.Abstractions", "src\DProjects.Log.Storage.Abstractions\DProjects.Log.Storage.Abstractions.csproj", "{129E32D7-313E-45F2-96DE-04568A195D28}"
EndProject
Project("{9A19103F-16F7-4668-BE54-9A1E7A4F7556}") = "DProjects.Serialization.Abstractions", "src\DProjects.Serialization.Abstractions\DProjects.Serialization.Abstractions.csproj", "{DF53785F-06FB-4790-8CD7-EE11D625F18C}"
EndProject
Project("{9A19103F-16F7-4668-BE54-9A1E7A4F7556}") = "DProjects.Text.Xml", "src\DProjects.Text.Xml\DProjects.Text.Xml.csproj", "{882215F1-F566-40DE-88BC-6E98CB1B17C6}"
EndProject
Project("{9A19103F-16F7-4668-BE54-9A1E7A4F7556}") = "DProjects.Text.Yaml", "src\DProjects.Text.Yaml\DProjects.Text.Yaml.csproj", "{9AFAC4A8-CA1B-4B2B-B509-2B0902BD1F72}"
EndProject
Project("{9A19103F-16F7-4668-BE54-9A1E7A4F7556}") = "DProjects.Text.Json", "src\DProjects.Text.Json\DProjects.Text.Json.csproj", "{46C22FCF-901C-4B16-850B-FC0EA4256FDA}"
EndProject
Project("{9A19103F-16F7-4668-BE54-9A1E7A4F7556}") = "DProjects.Text.Expressions", "src\DProjects.Text.expressions\DProjects.Text.Expressions.csproj", "{80FE5C5D-CC5E-47B2-B26E-0AACE8C548B8}"
EndProject
Project("{9A19103F-16F7-4668-BE54-9A1E7A4F7556}") = "DProjects.Datatypes.Test", "test\DProjects.Datatypes.Test\DProjects.Datatypes.Test.csproj", "{86F6F64D-AE27-4DE3-BB70-958376EEDBBA}"
EndProject
Project("{9A19103F-16F7-4668-BE54-9A1E7A4F7556}") = "DProjects.Log.Storage.Test", "test\DProjects.Log.Storage.Test\DProjects.Log.Storage.Test.csproj", "{6F2E1E76-39B4-48CA-8F7E-284E3EC331A4}"
EndProject
Project("{9A19103F-16F7-4668-BE54-9A1E7A4F7556}") = "DProjects.Text.Json.Test", "test\DProjects.Text.Json.Test\DProjects.Text.Json.Test.csproj", "{516842B7-7F2C-4FCD-8D4D-58C8AC864BE5}"
EndProject
Project("{9A19103F-16F7-4668-BE54-9A1E7A4F7556}") = "DProjects.Text.Xml.Test", "test\DProjects.Text.Xml.Test\DProjects.Text.Xml.Test.csproj", "{9A8EB0F5-34D4-423B-9AED-95CB227545A0}"
EndProject
Project("{9A19103F-16F7-4668-BE54-9A1E7A4F7556}") = "DProjects.Text.Yaml.Test", "test\DProjects.Text.Yaml.Test\DProjects.Text.Yaml.Test.csproj", "{7B4AFEFA-E5E8-4FB8-9D77-FD617B60387B}"
EndProject
Project("{9A19103F-16F7-4668-BE54-9A1E7A4F7556}") = "DProjects.Text.Readers.Test", "test\DProjects.Text.Readers.Test\DProjects.Text.Readers.Test.csproj", "{2AC82761-0B26-4534-81D1-64257FBB2122}"
EndProject
Project("{9A19103F-16F7-4668-BE54-9A1E7A4F7556}") = "DProjects.Text.Expressions.Test", "test\DProjects.Text.Expressions.Test\DProjects.Text.Expressions.Test.csproj", "{AA4B60A0-5FD6-4CBE-AA7E-C5F9CCCC5C8D}"
EndProject
Project("{9A19103F-16F7-4668-BE54-9A1E7A4F7556}") = "DProjects.Db.Sqlserver", "src\DProjects.Db.Sqlserver\DProjects.Db.Sqlserver.csproj", "{512ED950-617B-4DEB-9FCA-EF6CB7401B34}"
EndProject
Project("{9A19103F-16F7-4668-BE54-9A1E7A4F7556}") = "DProjects.Db.Sqlserver.Test", "test\DProjects.Db.Sqlserver.Test\DProjects.Db.Sqlserver.Test.csproj", "{4235F4B9-5CBA-4E50-AA7F-BEBD344E23DA}"
EndProject
Project("{9A19103F-16F7-4668-BE54-9A1E7A4F7556}") = "DProjects.Crypto.Abstractions", "src\DProjects.Crypto.Abstractions\DProjects.Crypto.Abstractions.csproj", "{16C1B54B-D518-4007-8471-59A3DC1C369E}"
EndProject
Project("{9A19103F-16F7-4668-BE54-9A1E7A4F7556}") = "DProjects.Crypto", "src\DProjects.Crypto\DProjects.Crypto.csproj", "{DBEEFDFE-EF14-42F1-97DD-CCD4BBD523A6}"
EndProject
Project("{9A19103F-16F7-4668-BE54-9A1E7A4F7556}") = "DProjects.Crypto.Test", "test\DProjects.Crypto.Test\DProjects.Crypto.Test.csproj", "{7E84927C-CC8E-4795-9858-D797A9B78E43}"
EndProject
Project("{9A19103F-16F7-4668-BE54-9A1E7A4F7556}") = "DProjects.Auth.Abstractions", "src\DProjects.Auth.Abstractions\DProjects.Auth.Abstractions.csproj", "{836A5B17-6B43-4D8F-BF4D-48F38345C3A6}"
EndProject
Project("{9A19103F-16F7-4668-BE54-9A1E7A4F7556}") = "DProjects.Auth", "src\DProjects.Auth\DProjects.Auth.csproj", "{28471D24-42C9-4D93-A0A0-FEE61A21CC8B}"
EndProject
Project("{9A19103F-16F7-4668-BE54-9A1E7A4F7556}") = "DProjects.Secrets.Abstractions", "src\DProjects.Secrets.Abstractions\DProjects.Secrets.Abstractions.csproj", "{B9C850C5-BBDA-40FF-854A-6C40C1FBFC05}"
EndProject
Project("{9A19103F-16F7-4668-BE54-9A1E7A4F7556}") = "DProjects.Secrets", "src\DProjects.Secrets\DProjects.Secrets.csproj", "{51579B99-012E-41EB-B1C0-8E4098A30353}"
EndProject
Project("{9A19103F-16F7-4668-BE54-9A1E7A4F7556}") = "DProjects.Cache.Abstractions", "src\DProjects.Cache.Abstractions\DProjects.Cache.Abstractions.csproj", "{CCB86E30-2B6F-4FA7-A30D-459B1BA795B8}"
EndProject
Project("{9A19103F-16F7-4668-BE54-9A1E7A4F7556}") = "DProjects.Cache", "src\DProjects.Cache\DProjects.Cache.csproj", "{E939CADE-5602-4264-9E47-2C9EACD323E9}"
EndProject
Project("{9A19103F-16F7-4668-BE54-9A1E7A4F7556}") = "DProjects.Secrets.Test", "test\DProjects.Secrets.Test\DProjects.Secrets.Test.csproj", "{55C97CBA-D98D-47D2-BFB2-EB99731C5DFC}"
EndProject
Project("{9A19103F-16F7-4668-BE54-9A1E7A4F7556}") = "DProjects.Cache.Test", "test\DProjects.Cache.Test\DProjects.Cache.Test.csproj", "{4FAB124D-6D03-401B-8D57-FC32868BFB55}"
EndProject
Project("{9A19103F-16F7-4668-BE54-9A1E7A4F7556}") = "DProjects.Auth.Test", "test\DProjects.Auth.Test\DProjects.Auth.Test.csproj", "{67AA6199-A8D2-4CAC-B8D9-6490A184E7E3}"
EndProject
Global
	GlobalSection(SolutionConfigurationPlatforms) = preSolution
		Debug|Any CPU = Debug|Any CPU
		Release|Any CPU = Release|Any CPU
	EndGlobalSection
	GlobalSection(ProjectConfigurationPlatforms) = postSolution
		{19E44DED-1950-4C29-90D0-28D78F56AAC0}.Debug|Any CPU.ActiveCfg = Debug|Any CPU
		{19E44DED-1950-4C29-90D0-28D78F56AAC0}.Debug|Any CPU.Build.0 = Debug|Any CPU
		{19E44DED-1950-4C29-90D0-28D78F56AAC0}.Release|Any CPU.ActiveCfg = Release|Any CPU
		{19E44DED-1950-4C29-90D0-28D78F56AAC0}.Release|Any CPU.Build.0 = Release|Any CPU
		{2DC1B051-7A96-460E-8B9C-5CEE877889C3}.Debug|Any CPU.ActiveCfg = Debug|Any CPU
		{2DC1B051-7A96-460E-8B9C-5CEE877889C3}.Debug|Any CPU.Build.0 = Debug|Any CPU
		{2DC1B051-7A96-460E-8B9C-5CEE877889C3}.Release|Any CPU.ActiveCfg = Release|Any CPU
		{2DC1B051-7A96-460E-8B9C-5CEE877889C3}.Release|Any CPU.Build.0 = Release|Any CPU
		{2424C0FB-48F3-4D95-BD1F-C495879E0862}.Debug|Any CPU.ActiveCfg = Debug|Any CPU
		{2424C0FB-48F3-4D95-BD1F-C495879E0862}.Debug|Any CPU.Build.0 = Debug|Any CPU
		{2424C0FB-48F3-4D95-BD1F-C495879E0862}.Release|Any CPU.ActiveCfg = Release|Any CPU
		{2424C0FB-48F3-4D95-BD1F-C495879E0862}.Release|Any CPU.Build.0 = Release|Any CPU
		{E9875361-FAC6-464A-B868-C9378E0EA777}.Debug|Any CPU.ActiveCfg = Debug|Any CPU
		{E9875361-FAC6-464A-B868-C9378E0EA777}.Debug|Any CPU.Build.0 = Debug|Any CPU
		{E9875361-FAC6-464A-B868-C9378E0EA777}.Release|Any CPU.ActiveCfg = Release|Any CPU
		{E9875361-FAC6-464A-B868-C9378E0EA777}.Release|Any CPU.Build.0 = Release|Any CPU
		{6D007D71-83BB-4F02-A149-27C811D6820A}.Debug|Any CPU.ActiveCfg = Debug|Any CPU
		{6D007D71-83BB-4F02-A149-27C811D6820A}.Debug|Any CPU.Build.0 = Debug|Any CPU
		{6D007D71-83BB-4F02-A149-27C811D6820A}.Release|Any CPU.ActiveCfg = Release|Any CPU
		{6D007D71-83BB-4F02-A149-27C811D6820A}.Release|Any CPU.Build.0 = Release|Any CPU
		{7B27838B-45C4-4A1F-B0D5-3B0C7CB81867}.Debug|Any CPU.ActiveCfg = Debug|Any CPU
		{7B27838B-45C4-4A1F-B0D5-3B0C7CB81867}.Debug|Any CPU.Build.0 = Debug|Any CPU
		{7B27838B-45C4-4A1F-B0D5-3B0C7CB81867}.Release|Any CPU.ActiveCfg = Release|Any CPU
		{7B27838B-45C4-4A1F-B0D5-3B0C7CB81867}.Release|Any CPU.Build.0 = Release|Any CPU
		{B4531B7F-1CFC-42A9-A819-6D2FD6D0CAFD}.Debug|Any CPU.ActiveCfg = Debug|Any CPU
		{B4531B7F-1CFC-42A9-A819-6D2FD6D0CAFD}.Debug|Any CPU.Build.0 = Debug|Any CPU
		{B4531B7F-1CFC-42A9-A819-6D2FD6D0CAFD}.Release|Any CPU.ActiveCfg = Release|Any CPU
		{B4531B7F-1CFC-42A9-A819-6D2FD6D0CAFD}.Release|Any CPU.Build.0 = Release|Any CPU
		{551F87A4-DDB0-4F99-AECF-57FA0836356F}.Debug|Any CPU.ActiveCfg = Debug|Any CPU
		{551F87A4-DDB0-4F99-AECF-57FA0836356F}.Debug|Any CPU.Build.0 = Debug|Any CPU
		{551F87A4-DDB0-4F99-AECF-57FA0836356F}.Release|Any CPU.ActiveCfg = Release|Any CPU
		{551F87A4-DDB0-4F99-AECF-57FA0836356F}.Release|Any CPU.Build.0 = Release|Any CPU
		{F47D9164-2D05-4751-9E51-7218C7FB5891}.Debug|Any CPU.ActiveCfg = Debug|Any CPU
		{F47D9164-2D05-4751-9E51-7218C7FB5891}.Debug|Any CPU.Build.0 = Debug|Any CPU
		{F47D9164-2D05-4751-9E51-7218C7FB5891}.Release|Any CPU.ActiveCfg = Release|Any CPU
		{F47D9164-2D05-4751-9E51-7218C7FB5891}.Release|Any CPU.Build.0 = Release|Any CPU
		{D72D8995-C390-4B1C-B23F-417A0817B607}.Debug|Any CPU.ActiveCfg = Debug|Any CPU
		{D72D8995-C390-4B1C-B23F-417A0817B607}.Debug|Any CPU.Build.0 = Debug|Any CPU
		{D72D8995-C390-4B1C-B23F-417A0817B607}.Release|Any CPU.ActiveCfg = Release|Any CPU
		{D72D8995-C390-4B1C-B23F-417A0817B607}.Release|Any CPU.Build.0 = Release|Any CPU
		{6855EC09-68F8-4BE0-8EB7-25B905FD8C4D}.Debug|Any CPU.ActiveCfg = Debug|Any CPU
		{6855EC09-68F8-4BE0-8EB7-25B905FD8C4D}.Debug|Any CPU.Build.0 = Debug|Any CPU
		{6855EC09-68F8-4BE0-8EB7-25B905FD8C4D}.Release|Any CPU.ActiveCfg = Release|Any CPU
		{6855EC09-68F8-4BE0-8EB7-25B905FD8C4D}.Release|Any CPU.Build.0 = Release|Any CPU
		{31889E91-7132-46D4-8EAE-0CDEE42F6CA3}.Debug|Any CPU.ActiveCfg = Debug|Any CPU
		{31889E91-7132-46D4-8EAE-0CDEE42F6CA3}.Debug|Any CPU.Build.0 = Debug|Any CPU
		{31889E91-7132-46D4-8EAE-0CDEE42F6CA3}.Release|Any CPU.ActiveCfg = Release|Any CPU
		{31889E91-7132-46D4-8EAE-0CDEE42F6CA3}.Release|Any CPU.Build.0 = Release|Any CPU
		{BCBE5803-1576-4FB2-9A4A-ED54165DBE82}.Debug|Any CPU.ActiveCfg = Debug|Any CPU
		{BCBE5803-1576-4FB2-9A4A-ED54165DBE82}.Debug|Any CPU.Build.0 = Debug|Any CPU
		{BCBE5803-1576-4FB2-9A4A-ED54165DBE82}.Release|Any CPU.ActiveCfg = Release|Any CPU
		{BCBE5803-1576-4FB2-9A4A-ED54165DBE82}.Release|Any CPU.Build.0 = Release|Any CPU
		{9BEC3A0B-BE50-4608-81EB-124D35477159}.Debug|Any CPU.ActiveCfg = Debug|Any CPU
		{9BEC3A0B-BE50-4608-81EB-124D35477159}.Debug|Any CPU.Build.0 = Debug|Any CPU
		{9BEC3A0B-BE50-4608-81EB-124D35477159}.Release|Any CPU.ActiveCfg = Release|Any CPU
		{9BEC3A0B-BE50-4608-81EB-124D35477159}.Release|Any CPU.Build.0 = Release|Any CPU
		{EE7C135E-EE04-46CB-BBFF-6A48B469EFBF}.Debug|Any CPU.ActiveCfg = Debug|Any CPU
		{EE7C135E-EE04-46CB-BBFF-6A48B469EFBF}.Debug|Any CPU.Build.0 = Debug|Any CPU
		{EE7C135E-EE04-46CB-BBFF-6A48B469EFBF}.Release|Any CPU.ActiveCfg = Release|Any CPU
		{EE7C135E-EE04-46CB-BBFF-6A48B469EFBF}.Release|Any CPU.Build.0 = Release|Any CPU
		{D8993C13-D79C-4985-AFDE-B3E4171B0589}.Debug|Any CPU.ActiveCfg = Debug|Any CPU
		{D8993C13-D79C-4985-AFDE-B3E4171B0589}.Debug|Any CPU.Build.0 = Debug|Any CPU
		{D8993C13-D79C-4985-AFDE-B3E4171B0589}.Release|Any CPU.ActiveCfg = Release|Any CPU
		{D8993C13-D79C-4985-AFDE-B3E4171B0589}.Release|Any CPU.Build.0 = Release|Any CPU
		{F4B8154B-9C9C-4F8C-92DC-A987FCA626F2}.Debug|Any CPU.ActiveCfg = Debug|Any CPU
		{F4B8154B-9C9C-4F8C-92DC-A987FCA626F2}.Debug|Any CPU.Build.0 = Debug|Any CPU
		{F4B8154B-9C9C-4F8C-92DC-A987FCA626F2}.Release|Any CPU.ActiveCfg = Release|Any CPU
		{F4B8154B-9C9C-4F8C-92DC-A987FCA626F2}.Release|Any CPU.Build.0 = Release|Any CPU
		{7B194BE8-6578-4A3C-A293-DAAA5FFC681A}.Debug|Any CPU.ActiveCfg = Debug|Any CPU
		{7B194BE8-6578-4A3C-A293-DAAA5FFC681A}.Debug|Any CPU.Build.0 = Debug|Any CPU
		{7B194BE8-6578-4A3C-A293-DAAA5FFC681A}.Release|Any CPU.ActiveCfg = Release|Any CPU
		{7B194BE8-6578-4A3C-A293-DAAA5FFC681A}.Release|Any CPU.Build.0 = Release|Any CPU
		{56E35A2C-FD4A-4F47-A342-67BBD452A231}.Debug|Any CPU.ActiveCfg = Debug|Any CPU
		{56E35A2C-FD4A-4F47-A342-67BBD452A231}.Debug|Any CPU.Build.0 = Debug|Any CPU
		{56E35A2C-FD4A-4F47-A342-67BBD452A231}.Release|Any CPU.ActiveCfg = Release|Any CPU
		{56E35A2C-FD4A-4F47-A342-67BBD452A231}.Release|Any CPU.Build.0 = Release|Any CPU
		{C837CC9E-7271-4F18-B67C-F997FC75BD72}.Debug|Any CPU.ActiveCfg = Debug|Any CPU
		{C837CC9E-7271-4F18-B67C-F997FC75BD72}.Debug|Any CPU.Build.0 = Debug|Any CPU
		{C837CC9E-7271-4F18-B67C-F997FC75BD72}.Release|Any CPU.ActiveCfg = Release|Any CPU
		{C837CC9E-7271-4F18-B67C-F997FC75BD72}.Release|Any CPU.Build.0 = Release|Any CPU
		{129E32D7-313E-45F2-96DE-04568A195D28}.Debug|Any CPU.ActiveCfg = Debug|Any CPU
		{129E32D7-313E-45F2-96DE-04568A195D28}.Debug|Any CPU.Build.0 = Debug|Any CPU
		{129E32D7-313E-45F2-96DE-04568A195D28}.Release|Any CPU.ActiveCfg = Release|Any CPU
		{129E32D7-313E-45F2-96DE-04568A195D28}.Release|Any CPU.Build.0 = Release|Any CPU
		{DF53785F-06FB-4790-8CD7-EE11D625F18C}.Debug|Any CPU.ActiveCfg = Debug|Any CPU
		{DF53785F-06FB-4790-8CD7-EE11D625F18C}.Debug|Any CPU.Build.0 = Debug|Any CPU
		{DF53785F-06FB-4790-8CD7-EE11D625F18C}.Release|Any CPU.ActiveCfg = Release|Any CPU
		{DF53785F-06FB-4790-8CD7-EE11D625F18C}.Release|Any CPU.Build.0 = Release|Any CPU
		{882215F1-F566-40DE-88BC-6E98CB1B17C6}.Debug|Any CPU.ActiveCfg = Debug|Any CPU
		{882215F1-F566-40DE-88BC-6E98CB1B17C6}.Debug|Any CPU.Build.0 = Debug|Any CPU
		{882215F1-F566-40DE-88BC-6E98CB1B17C6}.Release|Any CPU.ActiveCfg = Release|Any CPU
		{882215F1-F566-40DE-88BC-6E98CB1B17C6}.Release|Any CPU.Build.0 = Release|Any CPU
		{9AFAC4A8-CA1B-4B2B-B509-2B0902BD1F72}.Debug|Any CPU.ActiveCfg = Debug|Any CPU
		{9AFAC4A8-CA1B-4B2B-B509-2B0902BD1F72}.Debug|Any CPU.Build.0 = Debug|Any CPU
		{9AFAC4A8-CA1B-4B2B-B509-2B0902BD1F72}.Release|Any CPU.ActiveCfg = Release|Any CPU
		{9AFAC4A8-CA1B-4B2B-B509-2B0902BD1F72}.Release|Any CPU.Build.0 = Release|Any CPU
		{46C22FCF-901C-4B16-850B-FC0EA4256FDA}.Debug|Any CPU.ActiveCfg = Debug|Any CPU
		{46C22FCF-901C-4B16-850B-FC0EA4256FDA}.Debug|Any CPU.Build.0 = Debug|Any CPU
		{46C22FCF-901C-4B16-850B-FC0EA4256FDA}.Release|Any CPU.ActiveCfg = Release|Any CPU
		{46C22FCF-901C-4B16-850B-FC0EA4256FDA}.Release|Any CPU.Build.0 = Release|Any CPU
		{80FE5C5D-CC5E-47B2-B26E-0AACE8C548B8}.Debug|Any CPU.ActiveCfg = Debug|Any CPU
		{80FE5C5D-CC5E-47B2-B26E-0AACE8C548B8}.Debug|Any CPU.Build.0 = Debug|Any CPU
		{80FE5C5D-CC5E-47B2-B26E-0AACE8C548B8}.Release|Any CPU.ActiveCfg = Release|Any CPU
		{80FE5C5D-CC5E-47B2-B26E-0AACE8C548B8}.Release|Any CPU.Build.0 = Release|Any CPU
		{86F6F64D-AE27-4DE3-BB70-958376EEDBBA}.Debug|Any CPU.ActiveCfg = Debug|Any CPU
		{86F6F64D-AE27-4DE3-BB70-958376EEDBBA}.Debug|Any CPU.Build.0 = Debug|Any CPU
		{86F6F64D-AE27-4DE3-BB70-958376EEDBBA}.Release|Any CPU.ActiveCfg = Release|Any CPU
		{86F6F64D-AE27-4DE3-BB70-958376EEDBBA}.Release|Any CPU.Build.0 = Release|Any CPU
		{6F2E1E76-39B4-48CA-8F7E-284E3EC331A4}.Debug|Any CPU.ActiveCfg = Debug|Any CPU
		{6F2E1E76-39B4-48CA-8F7E-284E3EC331A4}.Debug|Any CPU.Build.0 = Debug|Any CPU
		{6F2E1E76-39B4-48CA-8F7E-284E3EC331A4}.Release|Any CPU.ActiveCfg = Release|Any CPU
		{6F2E1E76-39B4-48CA-8F7E-284E3EC331A4}.Release|Any CPU.Build.0 = Release|Any CPU
		{516842B7-7F2C-4FCD-8D4D-58C8AC864BE5}.Debug|Any CPU.ActiveCfg = Debug|Any CPU
		{516842B7-7F2C-4FCD-8D4D-58C8AC864BE5}.Debug|Any CPU.Build.0 = Debug|Any CPU
		{516842B7-7F2C-4FCD-8D4D-58C8AC864BE5}.Release|Any CPU.ActiveCfg = Release|Any CPU
		{516842B7-7F2C-4FCD-8D4D-58C8AC864BE5}.Release|Any CPU.Build.0 = Release|Any CPU
		{9A8EB0F5-34D4-423B-9AED-95CB227545A0}.Debug|Any CPU.ActiveCfg = Debug|Any CPU
		{9A8EB0F5-34D4-423B-9AED-95CB227545A0}.Debug|Any CPU.Build.0 = Debug|Any CPU
		{9A8EB0F5-34D4-423B-9AED-95CB227545A0}.Release|Any CPU.ActiveCfg = Release|Any CPU
		{9A8EB0F5-34D4-423B-9AED-95CB227545A0}.Release|Any CPU.Build.0 = Release|Any CPU
		{7B4AFEFA-E5E8-4FB8-9D77-FD617B60387B}.Debug|Any CPU.ActiveCfg = Debug|Any CPU
		{7B4AFEFA-E5E8-4FB8-9D77-FD617B60387B}.Debug|Any CPU.Build.0 = Debug|Any CPU
		{7B4AFEFA-E5E8-4FB8-9D77-FD617B60387B}.Release|Any CPU.ActiveCfg = Release|Any CPU
		{7B4AFEFA-E5E8-4FB8-9D77-FD617B60387B}.Release|Any CPU.Build.0 = Release|Any CPU
		{2AC82761-0B26-4534-81D1-64257FBB2122}.Debug|Any CPU.ActiveCfg = Debug|Any CPU
		{2AC82761-0B26-4534-81D1-64257FBB2122}.Debug|Any CPU.Build.0 = Debug|Any CPU
		{2AC82761-0B26-4534-81D1-64257FBB2122}.Release|Any CPU.ActiveCfg = Release|Any CPU
		{2AC82761-0B26-4534-81D1-64257FBB2122}.Release|Any CPU.Build.0 = Release|Any CPU
		{AA4B60A0-5FD6-4CBE-AA7E-C5F9CCCC5C8D}.Debug|Any CPU.ActiveCfg = Debug|Any CPU
		{AA4B60A0-5FD6-4CBE-AA7E-C5F9CCCC5C8D}.Debug|Any CPU.Build.0 = Debug|Any CPU
		{AA4B60A0-5FD6-4CBE-AA7E-C5F9CCCC5C8D}.Release|Any CPU.ActiveCfg = Release|Any CPU
		{AA4B60A0-5FD6-4CBE-AA7E-C5F9CCCC5C8D}.Release|Any CPU.Build.0 = Release|Any CPU
		{512ED950-617B-4DEB-9FCA-EF6CB7401B34}.Debug|Any CPU.ActiveCfg = Debug|Any CPU
		{512ED950-617B-4DEB-9FCA-EF6CB7401B34}.Debug|Any CPU.Build.0 = Debug|Any CPU
		{512ED950-617B-4DEB-9FCA-EF6CB7401B34}.Release|Any CPU.ActiveCfg = Release|Any CPU
		{512ED950-617B-4DEB-9FCA-EF6CB7401B34}.Release|Any CPU.Build.0 = Release|Any CPU
		{4235F4B9-5CBA-4E50-AA7F-BEBD344E23DA}.Debug|Any CPU.ActiveCfg = Debug|Any CPU
		{4235F4B9-5CBA-4E50-AA7F-BEBD344E23DA}.Debug|Any CPU.Build.0 = Debug|Any CPU
		{4235F4B9-5CBA-4E50-AA7F-BEBD344E23DA}.Release|Any CPU.ActiveCfg = Release|Any CPU
		{4235F4B9-5CBA-4E50-AA7F-BEBD344E23DA}.Release|Any CPU.Build.0 = Release|Any CPU
		{16C1B54B-D518-4007-8471-59A3DC1C369E}.Debug|Any CPU.ActiveCfg = Debug|Any CPU
		{16C1B54B-D518-4007-8471-59A3DC1C369E}.Debug|Any CPU.Build.0 = Debug|Any CPU
		{16C1B54B-D518-4007-8471-59A3DC1C369E}.Release|Any CPU.ActiveCfg = Release|Any CPU
		{16C1B54B-D518-4007-8471-59A3DC1C369E}.Release|Any CPU.Build.0 = Release|Any CPU
		{DBEEFDFE-EF14-42F1-97DD-CCD4BBD523A6}.Debug|Any CPU.ActiveCfg = Debug|Any CPU
		{DBEEFDFE-EF14-42F1-97DD-CCD4BBD523A6}.Debug|Any CPU.Build.0 = Debug|Any CPU
		{DBEEFDFE-EF14-42F1-97DD-CCD4BBD523A6}.Release|Any CPU.ActiveCfg = Release|Any CPU
		{DBEEFDFE-EF14-42F1-97DD-CCD4BBD523A6}.Release|Any CPU.Build.0 = Release|Any CPU
		{7E84927C-CC8E-4795-9858-D797A9B78E43}.Debug|Any CPU.ActiveCfg = Debug|Any CPU
		{7E84927C-CC8E-4795-9858-D797A9B78E43}.Debug|Any CPU.Build.0 = Debug|Any CPU
		{7E84927C-CC8E-4795-9858-D797A9B78E43}.Release|Any CPU.ActiveCfg = Release|Any CPU
		{7E84927C-CC8E-4795-9858-D797A9B78E43}.Release|Any CPU.Build.0 = Release|Any CPU
		{836A5B17-6B43-4D8F-BF4D-48F38345C3A6}.Debug|Any CPU.ActiveCfg = Debug|Any CPU
		{836A5B17-6B43-4D8F-BF4D-48F38345C3A6}.Debug|Any CPU.Build.0 = Debug|Any CPU
		{836A5B17-6B43-4D8F-BF4D-48F38345C3A6}.Release|Any CPU.ActiveCfg = Release|Any CPU
		{836A5B17-6B43-4D8F-BF4D-48F38345C3A6}.Release|Any CPU.Build.0 = Release|Any CPU
		{28471D24-42C9-4D93-A0A0-FEE61A21CC8B}.Debug|Any CPU.ActiveCfg = Debug|Any CPU
		{28471D24-42C9-4D93-A0A0-FEE61A21CC8B}.Debug|Any CPU.Build.0 = Debug|Any CPU
		{28471D24-42C9-4D93-A0A0-FEE61A21CC8B}.Release|Any CPU.ActiveCfg = Release|Any CPU
		{28471D24-42C9-4D93-A0A0-FEE61A21CC8B}.Release|Any CPU.Build.0 = Release|Any CPU
		{B9C850C5-BBDA-40FF-854A-6C40C1FBFC05}.Debug|Any CPU.ActiveCfg = Debug|Any CPU
		{B9C850C5-BBDA-40FF-854A-6C40C1FBFC05}.Debug|Any CPU.Build.0 = Debug|Any CPU
		{B9C850C5-BBDA-40FF-854A-6C40C1FBFC05}.Release|Any CPU.ActiveCfg = Release|Any CPU
		{B9C850C5-BBDA-40FF-854A-6C40C1FBFC05}.Release|Any CPU.Build.0 = Release|Any CPU
		{51579B99-012E-41EB-B1C0-8E4098A30353}.Debug|Any CPU.ActiveCfg = Debug|Any CPU
		{51579B99-012E-41EB-B1C0-8E4098A30353}.Debug|Any CPU.Build.0 = Debug|Any CPU
		{51579B99-012E-41EB-B1C0-8E4098A30353}.Release|Any CPU.ActiveCfg = Release|Any CPU
		{51579B99-012E-41EB-B1C0-8E4098A30353}.Release|Any CPU.Build.0 = Release|Any CPU
		{CCB86E30-2B6F-4FA7-A30D-459B1BA795B8}.Debug|Any CPU.ActiveCfg = Debug|Any CPU
		{CCB86E30-2B6F-4FA7-A30D-459B1BA795B8}.Debug|Any CPU.Build.0 = Debug|Any CPU
		{CCB86E30-2B6F-4FA7-A30D-459B1BA795B8}.Release|Any CPU.ActiveCfg = Release|Any CPU
		{CCB86E30-2B6F-4FA7-A30D-459B1BA795B8}.Release|Any CPU.Build.0 = Release|Any CPU
		{E939CADE-5602-4264-9E47-2C9EACD323E9}.Debug|Any CPU.ActiveCfg = Debug|Any CPU
		{E939CADE-5602-4264-9E47-2C9EACD323E9}.Debug|Any CPU.Build.0 = Debug|Any CPU
		{E939CADE-5602-4264-9E47-2C9EACD323E9}.Release|Any CPU.ActiveCfg = Release|Any CPU
		{E939CADE-5602-4264-9E47-2C9EACD323E9}.Release|Any CPU.Build.0 = Release|Any CPU
		{55C97CBA-D98D-47D2-BFB2-EB99731C5DFC}.Debug|Any CPU.ActiveCfg = Debug|Any CPU
		{55C97CBA-D98D-47D2-BFB2-EB99731C5DFC}.Debug|Any CPU.Build.0 = Debug|Any CPU
		{55C97CBA-D98D-47D2-BFB2-EB99731C5DFC}.Release|Any CPU.ActiveCfg = Release|Any CPU
		{55C97CBA-D98D-47D2-BFB2-EB99731C5DFC}.Release|Any CPU.Build.0 = Release|Any CPU
		{4FAB124D-6D03-401B-8D57-FC32868BFB55}.Debug|Any CPU.ActiveCfg = Debug|Any CPU
		{4FAB124D-6D03-401B-8D57-FC32868BFB55}.Debug|Any CPU.Build.0 = Debug|Any CPU
		{4FAB124D-6D03-401B-8D57-FC32868BFB55}.Release|Any CPU.ActiveCfg = Release|Any CPU
		{4FAB124D-6D03-401B-8D57-FC32868BFB55}.Release|Any CPU.Build.0 = Release|Any CPU
		{67AA6199-A8D2-4CAC-B8D9-6490A184E7E3}.Debug|Any CPU.ActiveCfg = Debug|Any CPU
		{67AA6199-A8D2-4CAC-B8D9-6490A184E7E3}.Debug|Any CPU.Build.0 = Debug|Any CPU
		{67AA6199-A8D2-4CAC-B8D9-6490A184E7E3}.Release|Any CPU.ActiveCfg = Release|Any CPU
		{67AA6199-A8D2-4CAC-B8D9-6490A184E7E3}.Release|Any CPU.Build.0 = Release|Any CPU
	EndGlobalSection
	GlobalSection(SolutionProperties) = preSolution
		HideSolutionNode = FALSE
	EndGlobalSection
	GlobalSection(NestedProjects) = preSolution
		{19E44DED-1950-4C29-90D0-28D78F56AAC0} = {3892F25A-3EAF-4987-964A-47712DC53F67}
		{2DC1B051-7A96-460E-8B9C-5CEE877889C3} = {3892F25A-3EAF-4987-964A-47712DC53F67}
		{2424C0FB-48F3-4D95-BD1F-C495879E0862} = {3892F25A-3EAF-4987-964A-47712DC53F67}
		{E9875361-FAC6-464A-B868-C9378E0EA777} = {3892F25A-3EAF-4987-964A-47712DC53F67}
		{6D007D71-83BB-4F02-A149-27C811D6820A} = {3892F25A-3EAF-4987-964A-47712DC53F67}
		{7B27838B-45C4-4A1F-B0D5-3B0C7CB81867} = {3892F25A-3EAF-4987-964A-47712DC53F67}
		{B4531B7F-1CFC-42A9-A819-6D2FD6D0CAFD} = {3892F25A-3EAF-4987-964A-47712DC53F67}
		{551F87A4-DDB0-4F99-AECF-57FA0836356F} = {977F788C-34C7-438C-AB3E-566C8687F3B2}
		{F47D9164-2D05-4751-9E51-7218C7FB5891} = {977F788C-34C7-438C-AB3E-566C8687F3B2}
		{D72D8995-C390-4B1C-B23F-417A0817B607} = {977F788C-34C7-438C-AB3E-566C8687F3B2}
		{6855EC09-68F8-4BE0-8EB7-25B905FD8C4D} = {977F788C-34C7-438C-AB3E-566C8687F3B2}
		{31889E91-7132-46D4-8EAE-0CDEE42F6CA3} = {977F788C-34C7-438C-AB3E-566C8687F3B2}
		{BCBE5803-1576-4FB2-9A4A-ED54165DBE82} = {3892F25A-3EAF-4987-964A-47712DC53F67}
		{9BEC3A0B-BE50-4608-81EB-124D35477159} = {3892F25A-3EAF-4987-964A-47712DC53F67}
		{EE7C135E-EE04-46CB-BBFF-6A48B469EFBF} = {3892F25A-3EAF-4987-964A-47712DC53F67}
		{D8993C13-D79C-4985-AFDE-B3E4171B0589} = {3892F25A-3EAF-4987-964A-47712DC53F67}
		{F4B8154B-9C9C-4F8C-92DC-A987FCA626F2} = {977F788C-34C7-438C-AB3E-566C8687F3B2}
		{7B194BE8-6578-4A3C-A293-DAAA5FFC681A} = {3892F25A-3EAF-4987-964A-47712DC53F67}
		{56E35A2C-FD4A-4F47-A342-67BBD452A231} = {3892F25A-3EAF-4987-964A-47712DC53F67}
		{C837CC9E-7271-4F18-B67C-F997FC75BD72} = {09BF5EC8-12F7-4DC6-8E1D-55F20C578E72}
		{129E32D7-313E-45F2-96DE-04568A195D28} = {3892F25A-3EAF-4987-964A-47712DC53F67}
		{DF53785F-06FB-4790-8CD7-EE11D625F18C} = {3892F25A-3EAF-4987-964A-47712DC53F67}
		{882215F1-F566-40DE-88BC-6E98CB1B17C6} = {3892F25A-3EAF-4987-964A-47712DC53F67}
		{9AFAC4A8-CA1B-4B2B-B509-2B0902BD1F72} = {3892F25A-3EAF-4987-964A-47712DC53F67}
		{46C22FCF-901C-4B16-850B-FC0EA4256FDA} = {3892F25A-3EAF-4987-964A-47712DC53F67}
		{80FE5C5D-CC5E-47B2-B26E-0AACE8C548B8} = {3892F25A-3EAF-4987-964A-47712DC53F67}
		{86F6F64D-AE27-4DE3-BB70-958376EEDBBA} = {977F788C-34C7-438C-AB3E-566C8687F3B2}
		{6F2E1E76-39B4-48CA-8F7E-284E3EC331A4} = {977F788C-34C7-438C-AB3E-566C8687F3B2}
		{516842B7-7F2C-4FCD-8D4D-58C8AC864BE5} = {977F788C-34C7-438C-AB3E-566C8687F3B2}
		{9A8EB0F5-34D4-423B-9AED-95CB227545A0} = {977F788C-34C7-438C-AB3E-566C8687F3B2}
		{7B4AFEFA-E5E8-4FB8-9D77-FD617B60387B} = {977F788C-34C7-438C-AB3E-566C8687F3B2}
		{2AC82761-0B26-4534-81D1-64257FBB2122} = {977F788C-34C7-438C-AB3E-566C8687F3B2}
		{AA4B60A0-5FD6-4CBE-AA7E-C5F9CCCC5C8D} = {977F788C-34C7-438C-AB3E-566C8687F3B2}
		{512ED950-617B-4DEB-9FCA-EF6CB7401B34} = {3892F25A-3EAF-4987-964A-47712DC53F67}
		{4235F4B9-5CBA-4E50-AA7F-BEBD344E23DA} = {977F788C-34C7-438C-AB3E-566C8687F3B2}
		{16C1B54B-D518-4007-8471-59A3DC1C369E} = {3892F25A-3EAF-4987-964A-47712DC53F67}
		{DBEEFDFE-EF14-42F1-97DD-CCD4BBD523A6} = {3892F25A-3EAF-4987-964A-47712DC53F67}
		{7E84927C-CC8E-4795-9858-D797A9B78E43} = {977F788C-34C7-438C-AB3E-566C8687F3B2}
		{836A5B17-6B43-4D8F-BF4D-48F38345C3A6} = {3892F25A-3EAF-4987-964A-47712DC53F67}
		{28471D24-42C9-4D93-A0A0-FEE61A21CC8B} = {3892F25A-3EAF-4987-964A-47712DC53F67}
		{B9C850C5-BBDA-40FF-854A-6C40C1FBFC05} = {3892F25A-3EAF-4987-964A-47712DC53F67}
		{51579B99-012E-41EB-B1C0-8E4098A30353} = {3892F25A-3EAF-4987-964A-47712DC53F67}
		{CCB86E30-2B6F-4FA7-A30D-459B1BA795B8} = {3892F25A-3EAF-4987-964A-47712DC53F67}
		{E939CADE-5602-4264-9E47-2C9EACD323E9} = {3892F25A-3EAF-4987-964A-47712DC53F67}
		{55C97CBA-D98D-47D2-BFB2-EB99731C5DFC} = {977F788C-34C7-438C-AB3E-566C8687F3B2}
		{4FAB124D-6D03-401B-8D57-FC32868BFB55} = {977F788C-34C7-438C-AB3E-566C8687F3B2}
		{67AA6199-A8D2-4CAC-B8D9-6490A184E7E3} = {977F788C-34C7-438C-AB3E-566C8687F3B2}
	EndGlobalSection
	GlobalSection(ExtensibilityGlobals) = postSolution
		SolutionGuid = {E92CEFFE-87DE-445D-AA8E-52601E4D0790}
	EndGlobalSection
EndGlobal
